
Microsoft Visual Studio Solution File, Format Version 12.00
# Visual Studio 15
VisualStudioVersion = 15.0.27130.2036
MinimumVisualStudioVersion = 10.0.40219.1
Project("{FAE04EC0-301F-11D3-BF4B-00C04F79EFBC}") = "Chaso.Reporting.Sample", "Chaso.Reporting.Sample\Chaso.Reporting.Sample.csproj", "{BDF202ED-4FCD-4C76-8D3C-CB1CECCFE96F}"
EndProject
Global
	GlobalSection(SolutionConfigurationPlatforms) = preSolution
		Debug|Any CPU = Debug|Any CPU
		Release|Any CPU = Release|Any CPU
	EndGlobalSection
	GlobalSection(ProjectConfigurationPlatforms) = postSolution
		{BDF202ED-4FCD-4C76-8D3C-CB1CECCFE96F}.Debug|Any CPU.ActiveCfg = Debug|Any CPU
		{BDF202ED-4FCD-4C76-8D3C-CB1CECCFE96F}.Debug|Any CPU.Build.0 = Debug|Any CPU
		{BDF202ED-4FCD-4C76-8D3C-CB1CECCFE96F}.Release|Any CPU.ActiveCfg = Release|Any CPU
		{BDF202ED-4FCD-4C76-8D3C-CB1CECCFE96F}.Release|Any CPU.Build.0 = Release|Any CPU
	EndGlobalSection
	GlobalSection(SolutionProperties) = preSolution
		HideSolutionNode = FALSE
	EndGlobalSection
	GlobalSection(ExtensibilityGlobals) = postSolution
		SolutionGuid = {86A80BCA-4693-49A4-ACF8-C7A89E277385}
	EndGlobalSection
EndGlobal
